
Microsoft Visual Studio Solution File, Format Version 12.00
# Visual Studio Version 17
VisualStudioVersion = 17.0.31903.59
MinimumVisualStudioVersion = 10.0.40219.1
Project("{2150E333-8FDC-42A3-9474-1A3956D46DE8}") = "src", "src", "{E2325456-0A4F-4CD5-B9C8-4D1196B78998}"
EndProject
Project("{FAE04EC0-301F-11D3-BF4B-00C04F79EFBC}") = "SPIN.Devices.Abstractions", "src\SPIN.Devices.Abstractions\SPIN.Devices.Abstractions.csproj", "{61A270E2-442B-4B65-A994-4EC7C7CE6DFD}"
EndProject
Global
	GlobalSection(SolutionConfigurationPlatforms) = preSolution
		Debug|Any CPU = Debug|Any CPU
		Release|Any CPU = Release|Any CPU
	EndGlobalSection
	GlobalSection(SolutionProperties) = preSolution
		HideSolutionNode = FALSE
	EndGlobalSection
	GlobalSection(ProjectConfigurationPlatforms) = postSolution
		{61A270E2-442B-4B65-A994-4EC7C7CE6DFD}.Debug|Any CPU.ActiveCfg = Debug|Any CPU
		{61A270E2-442B-4B65-A994-4EC7C7CE6DFD}.Debug|Any CPU.Build.0 = Debug|Any CPU
		{61A270E2-442B-4B65-A994-4EC7C7CE6DFD}.Release|Any CPU.ActiveCfg = Release|Any CPU
		{61A270E2-442B-4B65-A994-4EC7C7CE6DFD}.Release|Any CPU.Build.0 = Release|Any CPU
	EndGlobalSection
	GlobalSection(NestedProjects) = preSolution
		{61A270E2-442B-4B65-A994-4EC7C7CE6DFD} = {E2325456-0A4F-4CD5-B9C8-4D1196B78998}
	EndGlobalSection
EndGlobal
